
Microsoft Visual Studio Solution File, Format Version 12.00
# Visual Studio 15
VisualStudioVersion = 15.0.26430.14
MinimumVisualStudioVersion = 10.0.40219.1
Project("{FAE04EC0-301F-11D3-BF4B-00C04F79EFBC}") = "AlgorithmsAndPolynomials", "AlgorithmsAndPolynomials\AlgorithmsAndPolynomials.csproj", "{6651E69E-7CE0-41CC-B09B-5EF2078E2EE0}"
EndProject
Project("{FAE04EC0-301F-11D3-BF4B-00C04F79EFBC}") = "AlgorithmsAndPolynomials.NUnitTests", "AlgorithmsAndPolynomials.NUnitTests\AlgorithmsAndPolynomials.NUnitTests.csproj", "{7E4ECE14-4BEA-4243-A671-66FB372F50FC}"
EndProject
Global
	GlobalSection(SolutionConfigurationPlatforms) = preSolution
		Debug|Any CPU = Debug|Any CPU
		Release|Any CPU = Release|Any CPU
	EndGlobalSection
	GlobalSection(ProjectConfigurationPlatforms) = postSolution
		{6651E69E-7CE0-41CC-B09B-5EF2078E2EE0}.Debug|Any CPU.ActiveCfg = Debug|Any CPU
		{6651E69E-7CE0-41CC-B09B-5EF2078E2EE0}.Debug|Any CPU.Build.0 = Debug|Any CPU
		{6651E69E-7CE0-41CC-B09B-5EF2078E2EE0}.Release|Any CPU.ActiveCfg = Release|Any CPU
		{6651E69E-7CE0-41CC-B09B-5EF2078E2EE0}.Release|Any CPU.Build.0 = Release|Any CPU
		{7E4ECE14-4BEA-4243-A671-66FB372F50FC}.Debug|Any CPU.ActiveCfg = Debug|Any CPU
		{7E4ECE14-4BEA-4243-A671-66FB372F50FC}.Debug|Any CPU.Build.0 = Debug|Any CPU
		{7E4ECE14-4BEA-4243-A671-66FB372F50FC}.Release|Any CPU.ActiveCfg = Release|Any CPU
		{7E4ECE14-4BEA-4243-A671-66FB372F50FC}.Release|Any CPU.Build.0 = Release|Any CPU
	EndGlobalSection
	GlobalSection(SolutionProperties) = preSolution
		HideSolutionNode = FALSE
	EndGlobalSection
EndGlobal
